// !$*UTF8*$!
{
	archiveVersion = 1;
	classes = {
	};
	objectVersion = 77;
	objects = {

/* Begin PBXBuildFile section */
		2E02A6072F0B9C1000954BE3 /* StoreKit.framework in Frameworks */ = {isa = PBXBuildFile; fileRef = 2E02A6062F0B9C1000954BE3 /* StoreKit.framework */; };
/* End PBXBuildFile section */

/* Begin PBXContainerItemProxy section */
		2E435B2C2F0483BF000A19C8 /* PBXContainerItemProxy */ = {
			isa = PBXContainerItemProxy;
			containerPortal = 2E435B162F0483BE000A19C8 /* Project object */;
			proxyType = 1;
			remoteGlobalIDString = 2E435B1D2F0483BE000A19C8;
			remoteInfo = QuantumAcademy;
		};
		2E435B362F0483BF000A19C8 /* PBXContainerItemProxy */ = {
			isa = PBXContainerItemProxy;
			containerPortal = 2E435B162F0483BE000A19C8 /* Project object */;
			proxyType = 1;
			remoteGlobalIDString = 2E435B1D2F0483BE000A19C8;
			remoteInfo = QuantumAcademy;
		};
/* End PBXContainerItemProxy section */

/* Begin PBXFileReference section */
		2E02A6062F0B9C1000954BE3 /* StoreKit.framework */ = {isa = PBXFileReference; lastKnownFileType = wrapper.framework; name = StoreKit.framework; path = System/Library/Frameworks/StoreKit.framework; sourceTree = SDKROOT; };
		2E435B1E2F0483BE000A19C8 /* QuantumAcademy.app */ = {isa = PBXFileReference; explicitFileType = wrapper.application; includeInIndex = 0; path = QuantumAcademy.app; sourceTree = BUILT_PRODUCTS_DIR; };
		2E435B2B2F0483BF000A19C8 /* QuantumAcademyTests.xctest */ = {isa = PBXFileReference; explicitFileType = wrapper.cfbundle; includeInIndex = 0; path = QuantumAcademyTests.xctest; sourceTree = BUILT_PRODUCTS_DIR; };
		2E435B352F0483BF000A19C8 /* QuantumAcademyUITests.xctest */ = {isa = PBXFileReference; explicitFileType = wrapper.cfbundle; includeInIndex = 0; path = QuantumAcademyUITests.xctest; sourceTree = BUILT_PRODUCTS_DIR; };
/* End PBXFileReference section */

/* Begin PBXFileSystemSynchronizedBuildFileExceptionSet section */
		2E435BEA2F048412000A19C8 /* Exceptions for "QuantumAcademy" folder in "QuantumAcademyTests" target */ = {
			isa = PBXFileSystemSynchronizedBuildFileExceptionSet;
			membershipExceptions = (
				Design/QuantumTheme.swift,
				Models/Achievement.swift,
				Models/AuthModels.swift,
				Models/LearningLevel.swift,
				Models/LearningTrack.swift,
				Models/QubitState.swift,
				Models/Subscription.swift,
				Models/UserProgress.swift,
				Services/AchievementService.swift,
				Services/APIClient.swift,
				Services/AuthService.swift,
				Services/KeychainService.swift,
				Services/LearningService.swift,
				Services/ProgressService.swift,
				Services/StorageService.swift,
				Services/StoreKitService.swift,
				QuantumAcademyApp.swift,
				ViewModels/AchievementViewModel.swift,
				ViewModels/ProgressViewModel.swift,
				Views/Components/CustomButton.swift,
				Views/Components/FilterChip.swift,
				Views/Components/LevelCard.swift,
				Views/Components/ProgressRing.swift,
				Views/Components/StreakCounter.swift,
				Views/Components/TabBarView.swift,
				Views/Components/XPDisplay.swift,
				Views/Explore/ConceptDetailView.swift,
				Views/Explore/RelatedContentView.swift,
				Views/Learn/LevelDetailView.swift,
				Views/MainTabView.swift,
				Views/Practice/ChallengesView.swift,
				Views/Practice/Examples/ApplicationsExample.swift,
				Views/Practice/Examples/DeutschJozsaExample.swift,
				Views/Practice/Examples/QuantumGatesExample.swift,
				Views/Practice/Examples/RandomNumberExample.swift,
				Views/Practice/ExamplesGridView.swift,
				Views/Practice/InteractiveDemoView.swift,
				Views/Profile/AchievementsView.swift,
				Views/Profile/SettingsView.swift,
				Views/Profile/UserStatsView.swift,
				Views/Subscription/PaywallView.swift,
			);
			target = 2E435B2A2F0483BF000A19C8 /* QuantumAcademyTests */;
		};
		2E435BEB2F048412000A19C8 /* Exceptions for "QuantumAcademy" folder in "QuantumAcademyUITests" target */ = {
			isa = PBXFileSystemSynchronizedBuildFileExceptionSet;
			membershipExceptions = (
				Design/QuantumTheme.swift,
				Models/Achievement.swift,
				Models/AuthModels.swift,
				Models/LearningLevel.swift,
				Models/LearningTrack.swift,
				Models/QubitState.swift,
				Models/Subscription.swift,
				Models/UserProgress.swift,
				Services/AchievementService.swift,
				Services/APIClient.swift,
				Services/AuthService.swift,
				Services/KeychainService.swift,
				Services/LearningService.swift,
				Services/ProgressService.swift,
				Services/StorageService.swift,
				Services/StoreKitService.swift,
				QuantumAcademyApp.swift,
				ViewModels/AchievementViewModel.swift,
				ViewModels/ProgressViewModel.swift,
				Views/Components/CustomButton.swift,
				Views/Components/FilterChip.swift,
				Views/Components/LevelCard.swift,
				Views/Components/ProgressRing.swift,
				Views/Components/StreakCounter.swift,
				Views/Components/TabBarView.swift,
				Views/Components/XPDisplay.swift,
				Views/Explore/ConceptDetailView.swift,
				Views/Explore/RelatedContentView.swift,
				Views/Learn/LevelDetailView.swift,
				Views/MainTabView.swift,
				Views/Practice/ChallengesView.swift,
				Views/Practice/Examples/ApplicationsExample.swift,
				Views/Practice/Examples/DeutschJozsaExample.swift,
				Views/Practice/Examples/QuantumGatesExample.swift,
				Views/Practice/Examples/RandomNumberExample.swift,
				Views/Practice/ExamplesGridView.swift,
				Views/Practice/InteractiveDemoView.swift,
				Views/Profile/AchievementsView.swift,
				Views/Profile/SettingsView.swift,
				Views/Profile/UserStatsView.swift,
				Views/Subscription/PaywallView.swift,
			);
			target = 2E435B342F0483BF000A19C8 /* QuantumAcademyUITests */;
		};
/* End PBXFileSystemSynchronizedBuildFileExceptionSet section */

/* Begin PBXFileSystemSynchronizedRootGroup section */
		2E435B202F0483BE000A19C8 /* QuantumAcademy */ = {
			isa = PBXFileSystemSynchronizedRootGroup;
			exceptions = (
				2E435BEA2F048412000A19C8 /* Exceptions for "QuantumAcademy" folder in "QuantumAcademyTests" target */,
				2E435BEB2F048412000A19C8 /* Exceptions for "QuantumAcademy" folder in "QuantumAcademyUITests" target */,
			);
			path = QuantumAcademy;
			sourceTree = "<group>";
		};
		2E435B2E2F0483BF000A19C8 /* QuantumAcademyTests */ = {
			isa = PBXFileSystemSynchronizedRootGroup;
			path = QuantumAcademyTests;
			sourceTree = "<group>";
		};
		2E435B382F0483BF000A19C8 /* QuantumAcademyUITests */ = {
			isa = PBXFileSystemSynchronizedRootGroup;
			path = QuantumAcademyUITests;
			sourceTree = "<group>";
		};
/* End PBXFileSystemSynchronizedRootGroup section */

/* Begin PBXFrameworksBuildPhase section */
		2E435B1B2F0483BE000A19C8 /* Frameworks */ = {
			isa = PBXFrameworksBuildPhase;
			buildActionMask = 2147483647;
			files = (
				2E02A6072F0B9C1000954BE3 /* StoreKit.framework in Frameworks */,
			);
			runOnlyForDeploymentPostprocessing = 0;
		};
		2E435B282F0483BF000A19C8 /* Frameworks */ = {
			isa = PBXFrameworksBuildPhase;
			buildActionMask = 2147483647;
			files = (
			);
			runOnlyForDeploymentPostprocessing = 0;
		};
		2E435B322F0483BF000A19C8 /* Frameworks */ = {
			isa = PBXFrameworksBuildPhase;
			buildActionMask = 2147483647;
			files = (
			);
			runOnlyForDeploymentPostprocessing = 0;
		};
/* End PBXFrameworksBuildPhase section */

/* Begin PBXGroup section */
		2E02A6052F0B9C1000954BE3 /* Frameworks */ = {
			isa = PBXGroup;
			children = (
				2E02A6062F0B9C1000954BE3 /* StoreKit.framework */,
			);
			name = Frameworks;
			sourceTree = "<group>";
		};
		2E435B152F0483BE000A19C8 = {
			isa = PBXGroup;
			children = (
				2E435B202F0483BE000A19C8 /* QuantumAcademy */,
				2E435B2E2F0483BF000A19C8 /* QuantumAcademyTests */,
				2E435B382F0483BF000A19C8 /* QuantumAcademyUITests */,
				2E02A6052F0B9C1000954BE3 /* Frameworks */,
				2E435B1F2F0483BE000A19C8 /* Products */,
			);
			sourceTree = "<group>";
		};
		2E435B1F2F0483BE000A19C8 /* Products */ = {
			isa = PBXGroup;
			children = (
				2E435B1E2F0483BE000A19C8 /* QuantumAcademy.app */,
				2E435B2B2F0483BF000A19C8 /* QuantumAcademyTests.xctest */,
				2E435B352F0483BF000A19C8 /* QuantumAcademyUITests.xctest */,
			);
			name = Products;
			sourceTree = "<group>";
		};
/* End PBXGroup section */

/* Begin PBXNativeTarget section */
		2E435B1D2F0483BE000A19C8 /* QuantumAcademy */ = {
			isa = PBXNativeTarget;
			buildConfigurationList = 2E435B3F2F0483BF000A19C8 /* Build configuration list for PBXNativeTarget "QuantumAcademy" */;
			buildPhases = (
				2E435B1A2F0483BE000A19C8 /* Sources */,
				2E435B1B2F0483BE000A19C8 /* Frameworks */,
				2E435B1C2F0483BE000A19C8 /* Resources */,
			);
			buildRules = (
			);
			dependencies = (
			);
			fileSystemSynchronizedGroups = (
				2E435B202F0483BE000A19C8 /* QuantumAcademy */,
			);
			name = QuantumAcademy;
			packageProductDependencies = (
			);
			productName = QuantumAcademy;
			productReference = 2E435B1E2F0483BE000A19C8 /* QuantumAcademy.app */;
			productType = "com.apple.product-type.application";
		};
		2E435B2A2F0483BF000A19C8 /* QuantumAcademyTests */ = {
			isa = PBXNativeTarget;
			buildConfigurationList = 2E435B422F0483BF000A19C8 /* Build configuration list for PBXNativeTarget "QuantumAcademyTests" */;
			buildPhases = (
				2E435B272F0483BF000A19C8 /* Sources */,
				2E435B282F0483BF000A19C8 /* Frameworks */,
				2E435B292F0483BF000A19C8 /* Resources */,
			);
			buildRules = (
			);
			dependencies = (
				2E435B2D2F0483BF000A19C8 /* PBXTargetDependency */,
			);
			fileSystemSynchronizedGroups = (
				2E435B2E2F0483BF000A19C8 /* QuantumAcademyTests */,
			);
			name = QuantumAcademyTests;
			packageProductDependencies = (
			);
			productName = QuantumAcademyTests;
			productReference = 2E435B2B2F0483BF000A19C8 /* QuantumAcademyTests.xctest */;
			productType = "com.apple.product-type.bundle.unit-test";
		};
		2E435B342F0483BF000A19C8 /* QuantumAcademyUITests */ = {
			isa = PBXNativeTarget;
			buildConfigurationList = 2E435B452F0483BF000A19C8 /* Build configuration list for PBXNativeTarget "QuantumAcademyUITests" */;
			buildPhases = (
				2E435B312F0483BF000A19C8 /* Sources */,
				2E435B322F0483BF000A19C8 /* Frameworks */,
				2E435B332F0483BF000A19C8 /* Resources */,
			);
			buildRules = (
			);
			dependencies = (
				2E435B372F0483BF000A19C8 /* PBXTargetDependency */,
			);
			fileSystemSynchronizedGroups = (
				2E435B382F0483BF000A19C8 /* QuantumAcademyUITests */,
			);
			name = QuantumAcademyUITests;
			packageProductDependencies = (
			);
			productName = QuantumAcademyUITests;
			productReference = 2E435B352F0483BF000A19C8 /* QuantumAcademyUITests.xctest */;
			productType = "com.apple.product-type.bundle.ui-testing";
		};
/* End PBXNativeTarget section */

/* Begin PBXProject section */
		2E435B162F0483BE000A19C8 /* Project object */ = {
			isa = PBXProject;
			attributes = {
				BuildIndependentTargetsInParallel = 1;
				LastSwiftUpdateCheck = 2620;
				LastUpgradeCheck = 2620;
				TargetAttributes = {
					2E435B1D2F0483BE000A19C8 = {
						CreatedOnToolsVersion = 26.2;
					};
					2E435B2A2F0483BF000A19C8 = {
						CreatedOnToolsVersion = 26.2;
						TestTargetID = 2E435B1D2F0483BE000A19C8;
					};
					2E435B342F0483BF000A19C8 = {
						CreatedOnToolsVersion = 26.2;
						TestTargetID = 2E435B1D2F0483BE000A19C8;
					};
				};
			};
			buildConfigurationList = 2E435B192F0483BE000A19C8 /* Build configuration list for PBXProject "QuantumAcademy" */;
			developmentRegion = en;
			hasScannedForEncodings = 0;
			knownRegions = (
				en,
				Base,
				ko,
				de,
				"zh-Hans",
				ja,
			);
			mainGroup = 2E435B152F0483BE000A19C8;
			minimizedProjectReferenceProxies = 1;
			preferredProjectObjectVersion = 77;
			productRefGroup = 2E435B1F2F0483BE000A19C8 /* Products */;
			projectDirPath = "";
			projectRoot = "";
			targets = (
				2E435B1D2F0483BE000A19C8 /* QuantumAcademy */,
				2E435B2A2F0483BF000A19C8 /* QuantumAcademyTests */,
				2E435B342F0483BF000A19C8 /* QuantumAcademyUITests */,
			);
		};
/* End PBXProject section */

/* Begin PBXResourcesBuildPhase section */
		2E435B1C2F0483BE000A19C8 /* Resources */ = {
			isa = PBXResourcesBuildPhase;
			buildActionMask = 2147483647;
			files = (
			);
			runOnlyForDeploymentPostprocessing = 0;
		};
		2E435B292F0483BF000A19C8 /* Resources */ = {
			isa = PBXResourcesBuildPhase;
			buildActionMask = 2147483647;
			files = (
			);
			runOnlyForDeploymentPostprocessing = 0;
		};
		2E435B332F0483BF000A19C8 /* Resources */ = {
			isa = PBXResourcesBuildPhase;
			buildActionMask = 2147483647;
			files = (
			);
			runOnlyForDeploymentPostprocessing = 0;
		};
/* End PBXResourcesBuildPhase section */

/* Begin PBXSourcesBuildPhase section */
		2E435B1A2F0483BE000A19C8 /* Sources */ = {
			isa = PBXSourcesBuildPhase;
			buildActionMask = 2147483647;
			files = (
			);
			runOnlyForDeploymentPostprocessing = 0;
		};
		2E435B272F0483BF000A19C8 /* Sources */ = {
			isa = PBXSourcesBuildPhase;
			buildActionMask = 2147483647;
			files = (
			);
			runOnlyForDeploymentPostprocessing = 0;
		};
		2E435B312F0483BF000A19C8 /* Sources */ = {
			isa = PBXSourcesBuildPhase;
			buildActionMask = 2147483647;
			files = (
			);
			runOnlyForDeploymentPostprocessing = 0;
		};
/* End PBXSourcesBuildPhase section */

/* Begin PBXTargetDependency section */
		2E435B2D2F0483BF000A19C8 /* PBXTargetDependency */ = {
			isa = PBXTargetDependency;
			target = 2E435B1D2F0483BE000A19C8 /* QuantumAcademy */;
			targetProxy = 2E435B2C2F0483BF000A19C8 /* PBXContainerItemProxy */;
		};
		2E435B372F0483BF000A19C8 /* PBXTargetDependency */ = {
			isa = PBXTargetDependency;
			target = 2E435B1D2F0483BE000A19C8 /* QuantumAcademy */;
			targetProxy = 2E435B362F0483BF000A19C8 /* PBXContainerItemProxy */;
		};
/* End PBXTargetDependency section */

/* Begin XCBuildConfiguration section */
		2E435B3D2F0483BF000A19C8 /* Debug */ = {
			isa = XCBuildConfiguration;
			buildSettings = {
				ALWAYS_SEARCH_USER_PATHS = NO;
				ASSETCATALOG_COMPILER_GENERATE_SWIFT_ASSET_SYMBOL_EXTENSIONS = YES;
				CLANG_ANALYZER_NONNULL = YES;
				CLANG_ANALYZER_NUMBER_OBJECT_CONVERSION = YES_AGGRESSIVE;
				CLANG_CXX_LANGUAGE_STANDARD = "gnu++20";
				CLANG_ENABLE_MODULES = YES;
				CLANG_ENABLE_OBJC_ARC = YES;
				CLANG_ENABLE_OBJC_WEAK = YES;
				CLANG_WARN_BLOCK_CAPTURE_AUTORELEASING = YES;
				CLANG_WARN_BOOL_CONVERSION = YES;
				CLANG_WARN_COMMA = YES;
				CLANG_WARN_CONSTANT_CONVERSION = YES;
				CLANG_WARN_DEPRECATED_OBJC_IMPLEMENTATIONS = YES;
				CLANG_WARN_DIRECT_OBJC_ISA_USAGE = YES_ERROR;
				CLANG_WARN_DOCUMENTATION_COMMENTS = YES;
				CLANG_WARN_EMPTY_BODY = YES;
				CLANG_WARN_ENUM_CONVERSION = YES;
				CLANG_WARN_INFINITE_RECURSION = YES;
				CLANG_WARN_INT_CONVERSION = YES;
				CLANG_WARN_NON_LITERAL_NULL_CONVERSION = YES;
				CLANG_WARN_OBJC_IMPLICIT_RETAIN_SELF = YES;
				CLANG_WARN_OBJC_LITERAL_CONVERSION = YES;
				CLANG_WARN_OBJC_ROOT_CLASS = YES_ERROR;
				CLANG_WARN_QUOTED_INCLUDE_IN_FRAMEWORK_HEADER = YES;
				CLANG_WARN_RANGE_LOOP_ANALYSIS = YES;
				CLANG_WARN_STRICT_PROTOTYPES = YES;
				CLANG_WARN_SUSPICIOUS_MOVE = YES;
				CLANG_WARN_UNGUARDED_AVAILABILITY = YES_AGGRESSIVE;
				CLANG_WARN_UNREACHABLE_CODE = YES;
				CLANG_WARN__DUPLICATE_METHOD_MATCH = YES;
				COPY_PHASE_STRIP = NO;
				DEBUG_INFORMATION_FORMAT = dwarf;
				DEVELOPMENT_TEAM = QXT586NGNR;
				ENABLE_STRICT_OBJC_MSGSEND = YES;
				ENABLE_TESTABILITY = YES;
				ENABLE_USER_SCRIPT_SANDBOXING = YES;
				GCC_C_LANGUAGE_STANDARD = gnu17;
				GCC_DYNAMIC_NO_PIC = NO;
				GCC_NO_COMMON_BLOCKS = YES;
				GCC_OPTIMIZATION_LEVEL = 0;
				GCC_PREPROCESSOR_DEFINITIONS = (
					"DEBUG=1",
					"$(inherited)",
				);
				GCC_WARN_64_TO_32_BIT_CONVERSION = YES;
				GCC_WARN_ABOUT_RETURN_TYPE = YES_ERROR;
				GCC_WARN_UNDECLARED_SELECTOR = YES;
				GCC_WARN_UNINITIALIZED_AUTOS = YES_AGGRESSIVE;
				GCC_WARN_UNUSED_FUNCTION = YES;
				GCC_WARN_UNUSED_VARIABLE = YES;
				LOCALIZATION_PREFERS_STRING_CATALOGS = YES;
				MTL_ENABLE_DEBUG_INFO = INCLUDE_SOURCE;
				MTL_FAST_MATH = YES;
				ONLY_ACTIVE_ARCH = YES;
				SWIFT_ACTIVE_COMPILATION_CONDITIONS = "DEBUG $(inherited)";
				SWIFT_OPTIMIZATION_LEVEL = "-Onone";
			};
			name = Debug;
		};
		2E435B3E2F0483BF000A19C8 /* Release */ = {
			isa = XCBuildConfiguration;
			buildSettings = {
				ALWAYS_SEARCH_USER_PATHS = NO;
				ASSETCATALOG_COMPILER_GENERATE_SWIFT_ASSET_SYMBOL_EXTENSIONS = YES;
				CLANG_ANALYZER_NONNULL = YES;
				CLANG_ANALYZER_NUMBER_OBJECT_CONVERSION = YES_AGGRESSIVE;
				CLANG_CXX_LANGUAGE_STANDARD = "gnu++20";
				CLANG_ENABLE_MODULES = YES;
				CLANG_ENABLE_OBJC_ARC = YES;
				CLANG_ENABLE_OBJC_WEAK = YES;
				CLANG_WARN_BLOCK_CAPTURE_AUTORELEASING = YES;
				CLANG_WARN_BOOL_CONVERSION = YES;
				CLANG_WARN_COMMA = YES;
				CLANG_WARN_CONSTANT_CONVERSION = YES;
				CLANG_WARN_DEPRECATED_OBJC_IMPLEMENTATIONS = YES;
				CLANG_WARN_DIRECT_OBJC_ISA_USAGE = YES_ERROR;
				CLANG_WARN_DOCUMENTATION_COMMENTS = YES;
				CLANG_WARN_EMPTY_BODY = YES;
				CLANG_WARN_ENUM_CONVERSION = YES;
				CLANG_WARN_INFINITE_RECURSION = YES;
				CLANG_WARN_INT_CONVERSION = YES;
				CLANG_WARN_NON_LITERAL_NULL_CONVERSION = YES;
				CLANG_WARN_OBJC_IMPLICIT_RETAIN_SELF = YES;
				CLANG_WARN_OBJC_LITERAL_CONVERSION = YES;
				CLANG_WARN_OBJC_ROOT_CLASS = YES_ERROR;
				CLANG_WARN_QUOTED_INCLUDE_IN_FRAMEWORK_HEADER = YES;
				CLANG_WARN_RANGE_LOOP_ANALYSIS = YES;
				CLANG_WARN_STRICT_PROTOTYPES = YES;
				CLANG_WARN_SUSPICIOUS_MOVE = YES;
				CLANG_WARN_UNGUARDED_AVAILABILITY = YES_AGGRESSIVE;
				CLANG_WARN_UNREACHABLE_CODE = YES;
				CLANG_WARN__DUPLICATE_METHOD_MATCH = YES;
				COPY_PHASE_STRIP = NO;
				DEBUG_INFORMATION_FORMAT = "dwarf-with-dsym";
				DEVELOPMENT_TEAM = QXT586NGNR;
				ENABLE_NS_ASSERTIONS = NO;
				ENABLE_STRICT_OBJC_MSGSEND = YES;
				ENABLE_USER_SCRIPT_SANDBOXING = YES;
				GCC_C_LANGUAGE_STANDARD = gnu17;
				GCC_NO_COMMON_BLOCKS = YES;
				GCC_WARN_64_TO_32_BIT_CONVERSION = YES;
				GCC_WARN_ABOUT_RETURN_TYPE = YES_ERROR;
				GCC_WARN_UNDECLARED_SELECTOR = YES;
				GCC_WARN_UNINITIALIZED_AUTOS = YES_AGGRESSIVE;
				GCC_WARN_UNUSED_FUNCTION = YES;
				GCC_WARN_UNUSED_VARIABLE = YES;
				LOCALIZATION_PREFERS_STRING_CATALOGS = YES;
				MTL_ENABLE_DEBUG_INFO = NO;
				MTL_FAST_MATH = YES;
				SWIFT_COMPILATION_MODE = wholemodule;
			};
			name = Release;
		};
		2E435B402F0483BF000A19C8 /* Debug */ = {
			isa = XCBuildConfiguration;
			buildSettings = {
				ASSETCATALOG_COMPILER_APPICON_NAME = AppIcon;
				ASSETCATALOG_COMPILER_GLOBAL_ACCENT_COLOR_NAME = AccentColor;
				CODE_SIGN_ENTITLEMENTS = QuantumAcademy/QuantumAcademy.entitlements;
				CODE_SIGN_STYLE = Automatic;
				CURRENT_PROJECT_VERSION = 1;
				DEVELOPMENT_TEAM = QXT586NGNR;
				ENABLE_APP_SANDBOX = YES;
				ENABLE_HARDENED_RUNTIME = YES;
				ENABLE_PREVIEWS = YES;
				ENABLE_USER_SELECTED_FILES = readonly;
				GENERATE_INFOPLIST_FILE = YES;
				INFOPLIST_KEY_CFBundleDisplayName = QuantumAcademy;
				"INFOPLIST_KEY_UIApplicationSceneManifest_Generation[sdk=iphoneos*]" = YES;
				"INFOPLIST_KEY_UIApplicationSceneManifest_Generation[sdk=iphonesimulator*]" = YES;
				"INFOPLIST_KEY_UIApplicationSupportsIndirectInputEvents[sdk=iphoneos*]" = YES;
				"INFOPLIST_KEY_UIApplicationSupportsIndirectInputEvents[sdk=iphonesimulator*]" = YES;
				"INFOPLIST_KEY_UILaunchScreen_Generation[sdk=iphoneos*]" = YES;
				"INFOPLIST_KEY_UILaunchScreen_Generation[sdk=iphonesimulator*]" = YES;
				"INFOPLIST_KEY_UILaunchScreen_Background_Color[sdk=iphoneos*]" = "0A0E27";
				"INFOPLIST_KEY_UILaunchScreen_Background_Color[sdk=iphonesimulator*]" = "0A0E27";
				"INFOPLIST_KEY_UILaunchScreen_ImageName[sdk=iphoneos*]" = Splash;
				"INFOPLIST_KEY_UILaunchScreen_ImageName[sdk=iphonesimulator*]" = Splash;
				"INFOPLIST_KEY_UIStatusBarStyle[sdk=iphoneos*]" = UIStatusBarStyleDefault;
				"INFOPLIST_KEY_UIStatusBarStyle[sdk=iphonesimulator*]" = UIStatusBarStyleDefault;
				INFOPLIST_KEY_UISupportedInterfaceOrientations_iPad = "UIInterfaceOrientationPortrait UIInterfaceOrientationPortraitUpsideDown UIInterfaceOrientationLandscapeLeft UIInterfaceOrientationLandscapeRight";
				INFOPLIST_KEY_UISupportedInterfaceOrientations_iPhone = "UIInterfaceOrientationPortrait UIInterfaceOrientationLandscapeLeft UIInterfaceOrientationLandscapeRight";
				IPHONEOS_DEPLOYMENT_TARGET = 26.2;
				LD_RUNPATH_SEARCH_PATHS = "@executable_path/Frameworks";
				"LD_RUNPATH_SEARCH_PATHS[sdk=macosx*]" = "@executable_path/../Frameworks";
				MACOSX_DEPLOYMENT_TARGET = 26.1;
				MARKETING_VERSION = 1.0;
				PRODUCT_BUNDLE_IDENTIFIER = com.quantumacademy.app;
				PRODUCT_NAME = "$(TARGET_NAME)";
				REGISTER_APP_GROUPS = YES;
				SDKROOT = auto;
				STRING_CATALOG_GENERATE_SYMBOLS = YES;
				SUPPORTED_PLATFORMS = "iphoneos iphonesimulator macosx xros xrsimulator";
				SWIFT_APPROACHABLE_CONCURRENCY = YES;
				SWIFT_DEFAULT_ACTOR_ISOLATION = MainActor;
				SWIFT_EMIT_LOC_STRINGS = YES;
				SWIFT_UPCOMING_FEATURE_MEMBER_IMPORT_VISIBILITY = YES;
				SWIFT_VERSION = 5.0;
				TARGETED_DEVICE_FAMILY = "1,2,7";
				XROS_DEPLOYMENT_TARGET = 26.2;
			};
			name = Debug;
		};
		2E435B412F0483BF000A19C8 /* Release */ = {
			isa = XCBuildConfiguration;
			buildSettings = {
				ASSETCATALOG_COMPILER_APPICON_NAME = AppIcon;
				ASSETCATALOG_COMPILER_GLOBAL_ACCENT_COLOR_NAME = AccentColor;
				CODE_SIGN_ENTITLEMENTS = QuantumAcademy/QuantumAcademy.entitlements;
				CODE_SIGN_STYLE = Automatic;
				CURRENT_PROJECT_VERSION = 1;
				DEVELOPMENT_TEAM = QXT586NGNR;
				ENABLE_APP_SANDBOX = YES;
				ENABLE_HARDENED_RUNTIME = YES;
				ENABLE_PREVIEWS = YES;
				ENABLE_USER_SELECTED_FILES = readonly;
				GENERATE_INFOPLIST_FILE = YES;
				INFOPLIST_KEY_CFBundleDisplayName = QuantumAcademy;
				"INFOPLIST_KEY_UIApplicationSceneManifest_Generation[sdk=iphoneos*]" = YES;
				"INFOPLIST_KEY_UIApplicationSceneManifest_Generation[sdk=iphonesimulator*]" = YES;
				"INFOPLIST_KEY_UIApplicationSupportsIndirectInputEvents[sdk=iphoneos*]" = YES;
				"INFOPLIST_KEY_UIApplicationSupportsIndirectInputEvents[sdk=iphonesimulator*]" = YES;
				"INFOPLIST_KEY_UILaunchScreen_Generation[sdk=iphoneos*]" = YES;
				"INFOPLIST_KEY_UILaunchScreen_Generation[sdk=iphonesimulator*]" = YES;
				"INFOPLIST_KEY_UILaunchScreen_Background_Color[sdk=iphoneos*]" = "0A0E27";
				"INFOPLIST_KEY_UILaunchScreen_Background_Color[sdk=iphonesimulator*]" = "0A0E27";
				"INFOPLIST_KEY_UILaunchScreen_ImageName[sdk=iphoneos*]" = Splash;
				"INFOPLIST_KEY_UILaunchScreen_ImageName[sdk=iphonesimulator*]" = Splash;
				"INFOPLIST_KEY_UIStatusBarStyle[sdk=iphoneos*]" = UIStatusBarStyleDefault;
				"INFOPLIST_KEY_UIStatusBarStyle[sdk=iphonesimulator*]" = UIStatusBarStyleDefault;
				INFOPLIST_KEY_UISupportedInterfaceOrientations_iPad = "UIInterfaceOrientationPortrait UIInterfaceOrientationPortraitUpsideDown UIInterfaceOrientationLandscapeLeft UIInterfaceOrientationLandscapeRight";
				INFOPLIST_KEY_UISupportedInterfaceOrientations_iPhone = "UIInterfaceOrientationPortrait UIInterfaceOrientationLandscapeLeft UIInterfaceOrientationLandscapeRight";
				IPHONEOS_DEPLOYMENT_TARGET = 26.2;
				LD_RUNPATH_SEARCH_PATHS = "@executable_path/Frameworks";
				"LD_RUNPATH_SEARCH_PATHS[sdk=macosx*]" = "@executable_path/../Frameworks";
				MACOSX_DEPLOYMENT_TARGET = 26.1;
				MARKETING_VERSION = 1.0;
				PRODUCT_BUNDLE_IDENTIFIER = com.quantumacademy.app;
				PRODUCT_NAME = "$(TARGET_NAME)";
				REGISTER_APP_GROUPS = YES;
				SDKROOT = auto;
				STRING_CATALOG_GENERATE_SYMBOLS = YES;
				SUPPORTED_PLATFORMS = "iphoneos iphonesimulator macosx xros xrsimulator";
				SWIFT_APPROACHABLE_CONCURRENCY = YES;
				SWIFT_DEFAULT_ACTOR_ISOLATION = MainActor;
				SWIFT_EMIT_LOC_STRINGS = YES;
				SWIFT_UPCOMING_FEATURE_MEMBER_IMPORT_VISIBILITY = YES;
				SWIFT_VERSION = 5.0;
				TARGETED_DEVICE_FAMILY = "1,2,7";
				XROS_DEPLOYMENT_TARGET = 26.2;
			};
			name = Release;
		};
		2E435B432F0483BF000A19C8 /* Debug */ = {
			isa = XCBuildConfiguration;
			buildSettings = {
				BUNDLE_LOADER = "$(TEST_HOST)";
				CODE_SIGN_STYLE = Automatic;
				CURRENT_PROJECT_VERSION = 1;
				DEVELOPMENT_TEAM = QXT586NGNR;
				GENERATE_INFOPLIST_FILE = YES;
				IPHONEOS_DEPLOYMENT_TARGET = 26.2;
				MACOSX_DEPLOYMENT_TARGET = 26.1;
				MARKETING_VERSION = 1.0;
				PRODUCT_BUNDLE_IDENTIFIER = com.eunminpark.swiftquantum.SwiftQuantum.QuantumAcademyTests;
				PRODUCT_NAME = "$(TARGET_NAME)";
				SDKROOT = auto;
				STRING_CATALOG_GENERATE_SYMBOLS = NO;
				SUPPORTED_PLATFORMS = "iphoneos iphonesimulator macosx xros xrsimulator";
				SWIFT_APPROACHABLE_CONCURRENCY = YES;
				SWIFT_EMIT_LOC_STRINGS = NO;
				SWIFT_UPCOMING_FEATURE_MEMBER_IMPORT_VISIBILITY = YES;
				SWIFT_VERSION = 5.0;
				TARGETED_DEVICE_FAMILY = "1,2,7";
				TEST_HOST = "$(BUILT_PRODUCTS_DIR)/QuantumAcademy.app/$(BUNDLE_EXECUTABLE_FOLDER_PATH)/QuantumAcademy";
				XROS_DEPLOYMENT_TARGET = 26.2;
			};
			name = Debug;
		};
		2E435B442F0483BF000A19C8 /* Release */ = {
			isa = XCBuildConfiguration;
			buildSettings = {
				BUNDLE_LOADER = "$(TEST_HOST)";
				CODE_SIGN_STYLE = Automatic;
				CURRENT_PROJECT_VERSION = 1;
				DEVELOPMENT_TEAM = QXT586NGNR;
				GENERATE_INFOPLIST_FILE = YES;
				IPHONEOS_DEPLOYMENT_TARGET = 26.2;
				MACOSX_DEPLOYMENT_TARGET = 26.1;
				MARKETING_VERSION = 1.0;
				PRODUCT_BUNDLE_IDENTIFIER = com.eunminpark.swiftquantum.SwiftQuantum.QuantumAcademyTests;
				PRODUCT_NAME = "$(TARGET_NAME)";
				SDKROOT = auto;
				STRING_CATALOG_GENERATE_SYMBOLS = NO;
				SUPPORTED_PLATFORMS = "iphoneos iphonesimulator macosx xros xrsimulator";
				SWIFT_APPROACHABLE_CONCURRENCY = YES;
				SWIFT_EMIT_LOC_STRINGS = NO;
				SWIFT_UPCOMING_FEATURE_MEMBER_IMPORT_VISIBILITY = YES;
				SWIFT_VERSION = 5.0;
				TARGETED_DEVICE_FAMILY = "1,2,7";
				TEST_HOST = "$(BUILT_PRODUCTS_DIR)/QuantumAcademy.app/$(BUNDLE_EXECUTABLE_FOLDER_PATH)/QuantumAcademy";
				XROS_DEPLOYMENT_TARGET = 26.2;
			};
			name = Release;
		};
		2E435B462F0483BF000A19C8 /* Debug */ = {
			isa = XCBuildConfiguration;
			buildSettings = {
				CODE_SIGN_STYLE = Automatic;
				CURRENT_PROJECT_VERSION = 1;
				DEVELOPMENT_TEAM = QXT586NGNR;
				GENERATE_INFOPLIST_FILE = YES;
				IPHONEOS_DEPLOYMENT_TARGET = 26.2;
				MACOSX_DEPLOYMENT_TARGET = 26.1;
				MARKETING_VERSION = 1.0;
				PRODUCT_BUNDLE_IDENTIFIER = com.eunminpark.swiftquantum.SwiftQuantum.QuantumAcademyUITests;
				PRODUCT_NAME = "$(TARGET_NAME)";
				SDKROOT = auto;
				STRING_CATALOG_GENERATE_SYMBOLS = NO;
				SUPPORTED_PLATFORMS = "iphoneos iphonesimulator macosx xros xrsimulator";
				SWIFT_APPROACHABLE_CONCURRENCY = YES;
				SWIFT_EMIT_LOC_STRINGS = NO;
				SWIFT_UPCOMING_FEATURE_MEMBER_IMPORT_VISIBILITY = YES;
				SWIFT_VERSION = 5.0;
				TARGETED_DEVICE_FAMILY = "1,2,7";
				TEST_TARGET_NAME = QuantumAcademy;
				XROS_DEPLOYMENT_TARGET = 26.2;
			};
			name = Debug;
		};
		2E435B472F0483BF000A19C8 /* Release */ = {
			isa = XCBuildConfiguration;
			buildSettings = {
				CODE_SIGN_STYLE = Automatic;
				CURRENT_PROJECT_VERSION = 1;
				DEVELOPMENT_TEAM = QXT586NGNR;
				GENERATE_INFOPLIST_FILE = YES;
				IPHONEOS_DEPLOYMENT_TARGET = 26.2;
				MACOSX_DEPLOYMENT_TARGET = 26.1;
				MARKETING_VERSION = 1.0;
				PRODUCT_BUNDLE_IDENTIFIER = com.eunminpark.swiftquantum.SwiftQuantum.QuantumAcademyUITests;
				PRODUCT_NAME = "$(TARGET_NAME)";
				SDKROOT = auto;
				STRING_CATALOG_GENERATE_SYMBOLS = NO;
				SUPPORTED_PLATFORMS = "iphoneos iphonesimulator macosx xros xrsimulator";
				SWIFT_APPROACHABLE_CONCURRENCY = YES;
				SWIFT_EMIT_LOC_STRINGS = NO;
				SWIFT_UPCOMING_FEATURE_MEMBER_IMPORT_VISIBILITY = YES;
				SWIFT_VERSION = 5.0;
				TARGETED_DEVICE_FAMILY = "1,2,7";
				TEST_TARGET_NAME = QuantumAcademy;
				XROS_DEPLOYMENT_TARGET = 26.2;
			};
			name = Release;
		};
/* End XCBuildConfiguration section */

/* Begin XCConfigurationList section */
		2E435B192F0483BE000A19C8 /* Build configuration list for PBXProject "QuantumAcademy" */ = {
			isa = XCConfigurationList;
			buildConfigurations = (
				2E435B3D2F0483BF000A19C8 /* Debug */,
				2E435B3E2F0483BF000A19C8 /* Release */,
			);
			defaultConfigurationIsVisible = 0;
			defaultConfigurationName = Release;
		};
		2E435B3F2F0483BF000A19C8 /* Build configuration list for PBXNativeTarget "QuantumAcademy" */ = {
			isa = XCConfigurationList;
			buildConfigurations = (
				2E435B402F0483BF000A19C8 /* Debug */,
				2E435B412F0483BF000A19C8 /* Release */,
			);
			defaultConfigurationIsVisible = 0;
			defaultConfigurationName = Release;
		};
		2E435B422F0483BF000A19C8 /* Build configuration list for PBXNativeTarget "QuantumAcademyTests" */ = {
			isa = XCConfigurationList;
			buildConfigurations = (
				2E435B432F0483BF000A19C8 /* Debug */,
				2E435B442F0483BF000A19C8 /* Release */,
			);
			defaultConfigurationIsVisible = 0;
			defaultConfigurationName = Release;
		};
		2E435B452F0483BF000A19C8 /* Build configuration list for PBXNativeTarget "QuantumAcademyUITests" */ = {
			isa = XCConfigurationList;
			buildConfigurations = (
				2E435B462F0483BF000A19C8 /* Debug */,
				2E435B472F0483BF000A19C8 /* Release */,
			);
			defaultConfigurationIsVisible = 0;
			defaultConfigurationName = Release;
		};
/* End XCConfigurationList section */
	};
	rootObject = 2E435B162F0483BE000A19C8 /* Project object */;
}
